
Microsoft Visual Studio Solution File, Format Version 11.00
# Visual Studio 2010
Project("{FAE04EC0-301F-11D3-BF4B-00C04F79EFBC}") = "DisplayPicture", "DisplayPicture\DisplayPicture.csproj", "{A1F087C2-D861-42CF-A58E-5D20306D0435}"
EndProject
Project("{FAE04EC0-301F-11D3-BF4B-00C04F79EFBC}") = "DAL", "DAL\DAL.csproj", "{51990FFF-D14A-4D90-9283-BC795D50408A}"
EndProject
Project("{FAE04EC0-301F-11D3-BF4B-00C04F79EFBC}") = "UtilForDisplayPicture", "UtilForDisplayPicture\UtilForDisplayPicture.csproj", "{6F11646D-B62E-4C4A-8C67-1D2FBA3F65C3}"
EndProject
Global
	GlobalSection(SolutionConfigurationPlatforms) = preSolution
		Debug|Any CPU = Debug|Any CPU
		Release|Any CPU = Release|Any CPU
	EndGlobalSection
	GlobalSection(ProjectConfigurationPlatforms) = postSolution
		{A1F087C2-D861-42CF-A58E-5D20306D0435}.Debug|Any CPU.ActiveCfg = Debug|Any CPU
		{A1F087C2-D861-42CF-A58E-5D20306D0435}.Debug|Any CPU.Build.0 = Debug|Any CPU
		{A1F087C2-D861-42CF-A58E-5D20306D0435}.Release|Any CPU.ActiveCfg = Release|Any CPU
		{A1F087C2-D861-42CF-A58E-5D20306D0435}.Release|Any CPU.Build.0 = Release|Any CPU
		{51990FFF-D14A-4D90-9283-BC795D50408A}.Debug|Any CPU.ActiveCfg = Debug|Any CPU
		{51990FFF-D14A-4D90-9283-BC795D50408A}.Debug|Any CPU.Build.0 = Debug|Any CPU
		{51990FFF-D14A-4D90-9283-BC795D50408A}.Release|Any CPU.ActiveCfg = Release|Any CPU
		{51990FFF-D14A-4D90-9283-BC795D50408A}.Release|Any CPU.Build.0 = Release|Any CPU
		{6F11646D-B62E-4C4A-8C67-1D2FBA3F65C3}.Debug|Any CPU.ActiveCfg = Debug|Any CPU
		{6F11646D-B62E-4C4A-8C67-1D2FBA3F65C3}.Debug|Any CPU.Build.0 = Debug|Any CPU
		{6F11646D-B62E-4C4A-8C67-1D2FBA3F65C3}.Release|Any CPU.ActiveCfg = Release|Any CPU
		{6F11646D-B62E-4C4A-8C67-1D2FBA3F65C3}.Release|Any CPU.Build.0 = Release|Any CPU
	EndGlobalSection
	GlobalSection(SolutionProperties) = preSolution
		HideSolutionNode = FALSE
	EndGlobalSection
EndGlobal
